
Microsoft Visual Studio Solution File, Format Version 12.00
# Visual Studio Version 16
VisualStudioVersion = 16.0.32126.315
MinimumVisualStudioVersion = 10.0.40219.1
Project("{FAE04EC0-301F-11D3-BF4B-00C04F79EFBC}") = "ListBOx", "ListBOx\ListBOx.csproj", "{43DD200A-159D-4F48-82E5-7DA256DBF580}"
EndProject
Global
	GlobalSection(SolutionConfigurationPlatforms) = preSolution
		Debug|Any CPU = Debug|Any CPU
		Release|Any CPU = Release|Any CPU
	EndGlobalSection
	GlobalSection(ProjectConfigurationPlatforms) = postSolution
		{43DD200A-159D-4F48-82E5-7DA256DBF580}.Debug|Any CPU.ActiveCfg = Debug|Any CPU
		{43DD200A-159D-4F48-82E5-7DA256DBF580}.Debug|Any CPU.Build.0 = Debug|Any CPU
		{43DD200A-159D-4F48-82E5-7DA256DBF580}.Release|Any CPU.ActiveCfg = Release|Any CPU
		{43DD200A-159D-4F48-82E5-7DA256DBF580}.Release|Any CPU.Build.0 = Release|Any CPU
	EndGlobalSection
	GlobalSection(SolutionProperties) = preSolution
		HideSolutionNode = FALSE
	EndGlobalSection
	GlobalSection(ExtensibilityGlobals) = postSolution
		SolutionGuid = {D50B5B0B-BA82-424A-9B88-731920C50843}
	EndGlobalSection
EndGlobal
